
Microsoft Visual Studio Solution File, Format Version 12.00
# Visual Studio Version 17
VisualStudioVersion = 17.10.35027.167
MinimumVisualStudioVersion = 10.0.40219.1
Project("{FAE04EC0-301F-11D3-BF4B-00C04F79EFBC}") = "BallBooking", "BallBooking\BallBooking.csproj", "{C7AB2FC9-F807-4BBB-820F-0566A67CFAE3}"
EndProject
Global
	GlobalSection(SolutionConfigurationPlatforms) = preSolution
		Debug|Any CPU = Debug|Any CPU
		Release|Any CPU = Release|Any CPU
	EndGlobalSection
	GlobalSection(ProjectConfigurationPlatforms) = postSolution
		{C7AB2FC9-F807-4BBB-820F-0566A67CFAE3}.Debug|Any CPU.ActiveCfg = Debug|Any CPU
		{C7AB2FC9-F807-4BBB-820F-0566A67CFAE3}.Debug|Any CPU.Build.0 = Debug|Any CPU
		{C7AB2FC9-F807-4BBB-820F-0566A67CFAE3}.Release|Any CPU.ActiveCfg = Release|Any CPU
		{C7AB2FC9-F807-4BBB-820F-0566A67CFAE3}.Release|Any CPU.Build.0 = Release|Any CPU
	EndGlobalSection
	GlobalSection(SolutionProperties) = preSolution
		HideSolutionNode = FALSE
	EndGlobalSection
	GlobalSection(ExtensibilityGlobals) = postSolution
		SolutionGuid = {D619213D-68AB-4932-8AF5-3F4EEAAAC4B3}
	EndGlobalSection
EndGlobal
